
Microsoft Visual Studio Solution File, Format Version 12.00
# Visual Studio Version 17
VisualStudioVersion = 17.14.36518.9 d17.14
MinimumVisualStudioVersion = 10.0.40219.1
Project("{2150E333-8FDC-42A3-9474-1A3956D46DE8}") = "Task0", "Task0", "{02EA681E-C7D8-13C7-8484-4AC65E1B71E8}"
EndProject
Project("{FAE04EC0-301F-11D3-BF4B-00C04F79EFBC}") = "Tyuiu.BaturinaSA.Sprint4.Task0.V27", "Tyuiu.BaturinaSA.Sprint4.Task0.V27\Tyuiu.BaturinaSA.Sprint4.Task0.V27.csproj", "{4ACBE63A-423D-4EC3-8519-E5C5B83FC680}"
EndProject
Project("{FAE04EC0-301F-11D3-BF4B-00C04F79EFBC}") = "Tyuiu.BaturinaSA.Sprint4.Task0.V27.Lib", "Tyuiu.BaturinaSA.Sprint4.Task0.V27.Lib\Tyuiu.BaturinaSA.Sprint4.Task0.V27.Lib.csproj", "{B3BC2F9D-EAAB-4A73-90BF-5470E430F8E0}"
EndProject
Project("{FAE04EC0-301F-11D3-BF4B-00C04F79EFBC}") = "Tyuiu.BaturinaSA.Sprint4.Task0.V27.Test", "Tyuiu.BaturinaSA.Sprint4.Task0.V27.Test\Tyuiu.BaturinaSA.Sprint4.Task0.V27.Test.csproj", "{A741EBB6-0648-4881-AAFC-1EC532F09CBE}"
EndProject
Project("{2150E333-8FDC-42A3-9474-1A3956D46DE8}") = "Task1", "Task1", "{6242E894-ADA3-4CA8-AA12-2324F6479B09}"
EndProject
Project("{FAE04EC0-301F-11D3-BF4B-00C04F79EFBC}") = "Tyuiu.BaturinaSA.Sprint4.Task1.V11", "Tyuiu.BaturinaSA.Sprint4.Task1.V11\Tyuiu.BaturinaSA.Sprint4.Task1.V11.csproj", "{FA516FA6-3661-46AE-8A31-82CDCE460253}"
EndProject
Project("{FAE04EC0-301F-11D3-BF4B-00C04F79EFBC}") = "Tyuiu.BaturinaSA.Sprint4.Task1.V11.Lib", "Tyuiu.BaturinaSA.Sprint4.Task1.V11.Lib\Tyuiu.BaturinaSA.Sprint4.Task1.V11.Lib.csproj", "{E40FD858-F3CD-4845-BAF6-1594D6A3602F}"
EndProject
Project("{FAE04EC0-301F-11D3-BF4B-00C04F79EFBC}") = "Tyuiu.BaturinaSA.Sprint4.Task1.V11.Test", "Tyuiu.BaturinaSA.Sprint4.Task1.V11.Test\Tyuiu.BaturinaSA.Sprint4.Task1.V11.Test.csproj", "{D17A0D24-D43E-4B69-AF4D-0BE94E45BA0D}"
EndProject
Project("{2150E333-8FDC-42A3-9474-1A3956D46DE8}") = "Task2", "Task2", "{950148F2-1975-4F86-A6CC-42488ABA75C7}"
EndProject
Project("{FAE04EC0-301F-11D3-BF4B-00C04F79EFBC}") = "Tyuiu.BaturinaSA.Sprint4.Task2.V30", "Tyuiu.BaturinaSA.Sprint4.Task2.V30\Tyuiu.BaturinaSA.Sprint4.Task2.V30.csproj", "{EF5BC7A8-8245-43D7-A34D-394219144704}"
EndProject
Project("{FAE04EC0-301F-11D3-BF4B-00C04F79EFBC}") = "Tyuiu.BaturinaSA.Sprint4.Task2.V30.Lib", "Tyuiu.BaturinaSA.Sprint4.Task2.V30.Lib\Tyuiu.BaturinaSA.Sprint4.Task2.V30.Lib.csproj", "{1647DEBA-9F48-4895-8B95-4AEEDF3820D1}"
EndProject
Project("{FAE04EC0-301F-11D3-BF4B-00C04F79EFBC}") = "Tyuiu.BaturinaSA.Sprint4.Task2.V30.Test", "Tyuiu.BaturinaSA.Sprint4.Task2.V30.Test\Tyuiu.BaturinaSA.Sprint4.Task2.V30.Test.csproj", "{11F9388A-0FA3-4EAA-B9BC-96F6ACB67D83}"
EndProject
Project("{2150E333-8FDC-42A3-9474-1A3956D46DE8}") = "Task3", "Task3", "{8F61D484-7532-469B-8FCA-33CF149E69A7}"
EndProject
Project("{FAE04EC0-301F-11D3-BF4B-00C04F79EFBC}") = "Tyuiu.BaturinaSA.Sprint4.Task3.V7", "Tyuiu.BaturinaSA.Sprint4.Task3.V7\Tyuiu.BaturinaSA.Sprint4.Task3.V7.csproj", "{1F0CEBFB-E898-4A34-9929-61888897F75B}"
EndProject
Project("{FAE04EC0-301F-11D3-BF4B-00C04F79EFBC}") = "Tyuiu.BaturinaSA.Sprint4.Task3.V7.Lib", "Tyuiu.BaturinaSA.Sprint4.Task3.V7.Lib\Tyuiu.BaturinaSA.Sprint4.Task3.V7.Lib.csproj", "{2F54F368-6C8C-4C37-9BB2-0289EB0F9864}"
EndProject
Project("{FAE04EC0-301F-11D3-BF4B-00C04F79EFBC}") = "Tyuiu.BaturinaSA.Sprint4.Task3.V7.Test", "Tyuiu.BaturinaSA.Sprint4.Task3.V7.Test\Tyuiu.BaturinaSA.Sprint4.Task3.V7.Test.csproj", "{1DB652BD-8057-4136-BC56-D962CA12D019}"
EndProject
Project("{2150E333-8FDC-42A3-9474-1A3956D46DE8}") = "Task4", "Task4", "{F557660D-1338-47B7-8C12-845A401A657C}"
EndProject
Project("{FAE04EC0-301F-11D3-BF4B-00C04F79EFBC}") = "Tyuiu.BaturinaSA.Sprint4.Task4.V13", "Tyuiu.BaturinaSA.Sprint4.Task4.V13\Tyuiu.BaturinaSA.Sprint4.Task4.V13.csproj", "{A65CB653-6533-473C-8521-6C2A28C8D7ED}"
EndProject
Project("{FAE04EC0-301F-11D3-BF4B-00C04F79EFBC}") = "Tyuiu.BaturinaSA.Sprint4.Task4.V13.Lib", "Tyuiu.BaturinaSA.Sprint4.Task4.V13.Lib\Tyuiu.BaturinaSA.Sprint4.Task4.V13.Lib.csproj", "{5FC8F6BB-E551-4CFA-8068-04A4025B9D47}"
EndProject
Project("{FAE04EC0-301F-11D3-BF4B-00C04F79EFBC}") = "Tyuiu.BaturinaSA.Sprint4.Task4.V13.Test", "Tyuiu.BaturinaSA.Sprint4.Task4.V13.Test\Tyuiu.BaturinaSA.Sprint4.Task4.V13.Test.csproj", "{FACCA74A-EC2C-4671-8FFE-2924DCD202C3}"
EndProject
Project("{2150E333-8FDC-42A3-9474-1A3956D46DE8}") = "Task5", "Task5", "{97726D99-B42F-429D-B506-0498CEA72994}"
EndProject
Project("{FAE04EC0-301F-11D3-BF4B-00C04F79EFBC}") = "Tyuiu.BaturinaSA.Sprint4.Task5.V28", "Tyuiu.BaturinaSA.Sprint4.Task5.V28\Tyuiu.BaturinaSA.Sprint4.Task5.V28.csproj", "{97B184C3-31F3-4A20-9E10-684D2A06BD59}"
EndProject
Project("{FAE04EC0-301F-11D3-BF4B-00C04F79EFBC}") = "Tyuiu.BaturinaSA.Sprint4.Task5.V28.Lib", "Tyuiu.BaturinaSA.Sprint4.Task5.V28.Lib\Tyuiu.BaturinaSA.Sprint4.Task5.V28.Lib.csproj", "{8310661B-AADE-4D72-AF91-BAA1558D514F}"
EndProject
Project("{FAE04EC0-301F-11D3-BF4B-00C04F79EFBC}") = "Tyuiu.BaturinaSA.Sprint4.Task5.V28.Test", "Tyuiu.BaturinaSA.Sprint4.Task5.V28.Test\Tyuiu.BaturinaSA.Sprint4.Task5.V28.Test.csproj", "{742B0728-D3E8-4B89-A02A-4FEED63CD6B0}"
EndProject
Project("{2150E333-8FDC-42A3-9474-1A3956D46DE8}") = "Task6", "Task6", "{E19DCE9E-3829-4899-BE55-D8B5A276265D}"
EndProject
Project("{FAE04EC0-301F-11D3-BF4B-00C04F79EFBC}") = "Tyuiu.BaturinaSA.Sprint4.Task6.V21", "Tyuiu.BaturinaSA.Sprint4.Task6.V21\Tyuiu.BaturinaSA.Sprint4.Task6.V21.csproj", "{221706F1-C690-4D8B-9AD1-D3D7EB863E65}"
EndProject
Project("{FAE04EC0-301F-11D3-BF4B-00C04F79EFBC}") = "Tyuiu.BaturinaSA.Sprint4.Task6.V21.Lib", "Tyuiu.BaturinaSA.Sprint4.Task6.V21.Lib\Tyuiu.BaturinaSA.Sprint4.Task6.V21.Lib.csproj", "{E4236920-162C-4574-88AC-6BB1916ACA67}"
EndProject
Project("{FAE04EC0-301F-11D3-BF4B-00C04F79EFBC}") = "Tyuiu.BaturinaSA.Sprint4.Task6.V21.Test", "Tyuiu.BaturinaSA.Sprint4.Task6.V21.Test\Tyuiu.BaturinaSA.Sprint4.Task6.V21.Test.csproj", "{B4CBE735-6391-4FA8-826E-45B245040997}"
EndProject
Project("{2150E333-8FDC-42A3-9474-1A3956D46DE8}") = "Task7", "Task7", "{F25C230A-4503-4E05-9A5E-5A5C352E0771}"
EndProject
Project("{FAE04EC0-301F-11D3-BF4B-00C04F79EFBC}") = "Tyuiu.BaturinaSA.Sprint4.Task7.V7", "Tyuiu.BaturinaSA.Sprint4.Task7.V7\Tyuiu.BaturinaSA.Sprint4.Task7.V7.csproj", "{66D909FD-6C00-4636-9267-CE72801DB346}"
EndProject
Project("{FAE04EC0-301F-11D3-BF4B-00C04F79EFBC}") = "Tyuiu.BaturinaSA.Sprint4.Task7.V7.Lib", "Tyuiu.BaturinaSA.Sprint4.Task7.V7.Lib\Tyuiu.BaturinaSA.Sprint4.Task7.V7.Lib.csproj", "{CABC7612-43D4-418E-A1A3-6D8CA5733E03}"
EndProject
Project("{FAE04EC0-301F-11D3-BF4B-00C04F79EFBC}") = "Tyuiu.BaturinaSA.Sprint4.Task7.V7.Test", "Tyuiu.BaturinaSA.Sprint4.Task7.V7.Test\Tyuiu.BaturinaSA.Sprint4.Task7.V7.Test.csproj", "{1B917335-5DAC-42E0-95E5-3F0653D7A730}"
EndProject
Global
	GlobalSection(SolutionConfigurationPlatforms) = preSolution
		Debug|Any CPU = Debug|Any CPU
		Release|Any CPU = Release|Any CPU
	EndGlobalSection
	GlobalSection(ProjectConfigurationPlatforms) = postSolution
		{4ACBE63A-423D-4EC3-8519-E5C5B83FC680}.Debug|Any CPU.ActiveCfg = Debug|Any CPU
		{4ACBE63A-423D-4EC3-8519-E5C5B83FC680}.Debug|Any CPU.Build.0 = Debug|Any CPU
		{4ACBE63A-423D-4EC3-8519-E5C5B83FC680}.Release|Any CPU.ActiveCfg = Release|Any CPU
		{4ACBE63A-423D-4EC3-8519-E5C5B83FC680}.Release|Any CPU.Build.0 = Release|Any CPU
		{B3BC2F9D-EAAB-4A73-90BF-5470E430F8E0}.Debug|Any CPU.ActiveCfg = Debug|Any CPU
		{B3BC2F9D-EAAB-4A73-90BF-5470E430F8E0}.Debug|Any CPU.Build.0 = Debug|Any CPU
		{B3BC2F9D-EAAB-4A73-90BF-5470E430F8E0}.Release|Any CPU.ActiveCfg = Release|Any CPU
		{B3BC2F9D-EAAB-4A73-90BF-5470E430F8E0}.Release|Any CPU.Build.0 = Release|Any CPU
		{A741EBB6-0648-4881-AAFC-1EC532F09CBE}.Debug|Any CPU.ActiveCfg = Debug|Any CPU
		{A741EBB6-0648-4881-AAFC-1EC532F09CBE}.Debug|Any CPU.Build.0 = Debug|Any CPU
		{A741EBB6-0648-4881-AAFC-1EC532F09CBE}.Release|Any CPU.ActiveCfg = Release|Any CPU
		{A741EBB6-0648-4881-AAFC-1EC532F09CBE}.Release|Any CPU.Build.0 = Release|Any CPU
		{FA516FA6-3661-46AE-8A31-82CDCE460253}.Debug|Any CPU.ActiveCfg = Debug|Any CPU
		{FA516FA6-3661-46AE-8A31-82CDCE460253}.Debug|Any CPU.Build.0 = Debug|Any CPU
		{FA516FA6-3661-46AE-8A31-82CDCE460253}.Release|Any CPU.ActiveCfg = Release|Any CPU
		{FA516FA6-3661-46AE-8A31-82CDCE460253}.Release|Any CPU.Build.0 = Release|Any CPU
		{E40FD858-F3CD-4845-BAF6-1594D6A3602F}.Debug|Any CPU.ActiveCfg = Debug|Any CPU
		{E40FD858-F3CD-4845-BAF6-1594D6A3602F}.Debug|Any CPU.Build.0 = Debug|Any CPU
		{E40FD858-F3CD-4845-BAF6-1594D6A3602F}.Release|Any CPU.ActiveCfg = Release|Any CPU
		{E40FD858-F3CD-4845-BAF6-1594D6A3602F}.Release|Any CPU.Build.0 = Release|Any CPU
		{D17A0D24-D43E-4B69-AF4D-0BE94E45BA0D}.Debug|Any CPU.ActiveCfg = Debug|Any CPU
		{D17A0D24-D43E-4B69-AF4D-0BE94E45BA0D}.Debug|Any CPU.Build.0 = Debug|Any CPU
		{D17A0D24-D43E-4B69-AF4D-0BE94E45BA0D}.Release|Any CPU.ActiveCfg = Release|Any CPU
		{D17A0D24-D43E-4B69-AF4D-0BE94E45BA0D}.Release|Any CPU.Build.0 = Release|Any CPU
		{EF5BC7A8-8245-43D7-A34D-394219144704}.Debug|Any CPU.ActiveCfg = Debug|Any CPU
		{EF5BC7A8-8245-43D7-A34D-394219144704}.Debug|Any CPU.Build.0 = Debug|Any CPU
		{EF5BC7A8-8245-43D7-A34D-394219144704}.Release|Any CPU.ActiveCfg = Release|Any CPU
		{EF5BC7A8-8245-43D7-A34D-394219144704}.Release|Any CPU.Build.0 = Release|Any CPU
		{1647DEBA-9F48-4895-8B95-4AEEDF3820D1}.Debug|Any CPU.ActiveCfg = Debug|Any CPU
		{1647DEBA-9F48-4895-8B95-4AEEDF3820D1}.Debug|Any CPU.Build.0 = Debug|Any CPU
		{1647DEBA-9F48-4895-8B95-4AEEDF3820D1}.Release|Any CPU.ActiveCfg = Release|Any CPU
		{1647DEBA-9F48-4895-8B95-4AEEDF3820D1}.Release|Any CPU.Build.0 = Release|Any CPU
		{11F9388A-0FA3-4EAA-B9BC-96F6ACB67D83}.Debug|Any CPU.ActiveCfg = Debug|Any CPU
		{11F9388A-0FA3-4EAA-B9BC-96F6ACB67D83}.Debug|Any CPU.Build.0 = Debug|Any CPU
		{11F9388A-0FA3-4EAA-B9BC-96F6ACB67D83}.Release|Any CPU.ActiveCfg = Release|Any CPU
		{11F9388A-0FA3-4EAA-B9BC-96F6ACB67D83}.Release|Any CPU.Build.0 = Release|Any CPU
		{1F0CEBFB-E898-4A34-9929-61888897F75B}.Debug|Any CPU.ActiveCfg = Debug|Any CPU
		{1F0CEBFB-E898-4A34-9929-61888897F75B}.Debug|Any CPU.Build.0 = Debug|Any CPU
		{1F0CEBFB-E898-4A34-9929-61888897F75B}.Release|Any CPU.ActiveCfg = Release|Any CPU
		{1F0CEBFB-E898-4A34-9929-61888897F75B}.Release|Any CPU.Build.0 = Release|Any CPU
		{2F54F368-6C8C-4C37-9BB2-0289EB0F9864}.Debug|Any CPU.ActiveCfg = Debug|Any CPU
		{2F54F368-6C8C-4C37-9BB2-0289EB0F9864}.Debug|Any CPU.Build.0 = Debug|Any CPU
		{2F54F368-6C8C-4C37-9BB2-0289EB0F9864}.Release|Any CPU.ActiveCfg = Release|Any CPU
		{2F54F368-6C8C-4C37-9BB2-0289EB0F9864}.Release|Any CPU.Build.0 = Release|Any CPU
		{1DB652BD-8057-4136-BC56-D962CA12D019}.Debug|Any CPU.ActiveCfg = Debug|Any CPU
		{1DB652BD-8057-4136-BC56-D962CA12D019}.Debug|Any CPU.Build.0 = Debug|Any CPU
		{1DB652BD-8057-4136-BC56-D962CA12D019}.Release|Any CPU.ActiveCfg = Release|Any CPU
		{1DB652BD-8057-4136-BC56-D962CA12D019}.Release|Any CPU.Build.0 = Release|Any CPU
		{A65CB653-6533-473C-8521-6C2A28C8D7ED}.Debug|Any CPU.ActiveCfg = Debug|Any CPU
		{A65CB653-6533-473C-8521-6C2A28C8D7ED}.Debug|Any CPU.Build.0 = Debug|Any CPU
		{A65CB653-6533-473C-8521-6C2A28C8D7ED}.Release|Any CPU.ActiveCfg = Release|Any CPU
		{A65CB653-6533-473C-8521-6C2A28C8D7ED}.Release|Any CPU.Build.0 = Release|Any CPU
		{5FC8F6BB-E551-4CFA-8068-04A4025B9D47}.Debug|Any CPU.ActiveCfg = Debug|Any CPU
		{5FC8F6BB-E551-4CFA-8068-04A4025B9D47}.Debug|Any CPU.Build.0 = Debug|Any CPU
		{5FC8F6BB-E551-4CFA-8068-04A4025B9D47}.Release|Any CPU.ActiveCfg = Release|Any CPU
		{5FC8F6BB-E551-4CFA-8068-04A4025B9D47}.Release|Any CPU.Build.0 = Release|Any CPU
		{FACCA74A-EC2C-4671-8FFE-2924DCD202C3}.Debug|Any CPU.ActiveCfg = Debug|Any CPU
		{FACCA74A-EC2C-4671-8FFE-2924DCD202C3}.Debug|Any CPU.Build.0 = Debug|Any CPU
		{FACCA74A-EC2C-4671-8FFE-2924DCD202C3}.Release|Any CPU.ActiveCfg = Release|Any CPU
		{FACCA74A-EC2C-4671-8FFE-2924DCD202C3}.Release|Any CPU.Build.0 = Release|Any CPU
		{97B184C3-31F3-4A20-9E10-684D2A06BD59}.Debug|Any CPU.ActiveCfg = Debug|Any CPU
		{97B184C3-31F3-4A20-9E10-684D2A06BD59}.Debug|Any CPU.Build.0 = Debug|Any CPU
		{97B184C3-31F3-4A20-9E10-684D2A06BD59}.Release|Any CPU.ActiveCfg = Release|Any CPU
		{97B184C3-31F3-4A20-9E10-684D2A06BD59}.Release|Any CPU.Build.0 = Release|Any CPU
		{8310661B-AADE-4D72-AF91-BAA1558D514F}.Debug|Any CPU.ActiveCfg = Debug|Any CPU
		{8310661B-AADE-4D72-AF91-BAA1558D514F}.Debug|Any CPU.Build.0 = Debug|Any CPU
		{8310661B-AADE-4D72-AF91-BAA1558D514F}.Release|Any CPU.ActiveCfg = Release|Any CPU
		{8310661B-AADE-4D72-AF91-BAA1558D514F}.Release|Any CPU.Build.0 = Release|Any CPU
		{742B0728-D3E8-4B89-A02A-4FEED63CD6B0}.Debug|Any CPU.ActiveCfg = Debug|Any CPU
		{742B0728-D3E8-4B89-A02A-4FEED63CD6B0}.Debug|Any CPU.Build.0 = Debug|Any CPU
		{742B0728-D3E8-4B89-A02A-4FEED63CD6B0}.Release|Any CPU.ActiveCfg = Release|Any CPU
		{742B0728-D3E8-4B89-A02A-4FEED63CD6B0}.Release|Any CPU.Build.0 = Release|Any CPU
		{221706F1-C690-4D8B-9AD1-D3D7EB863E65}.Debug|Any CPU.ActiveCfg = Debug|Any CPU
		{221706F1-C690-4D8B-9AD1-D3D7EB863E65}.Debug|Any CPU.Build.0 = Debug|Any CPU
		{221706F1-C690-4D8B-9AD1-D3D7EB863E65}.Release|Any CPU.ActiveCfg = Release|Any CPU
		{221706F1-C690-4D8B-9AD1-D3D7EB863E65}.Release|Any CPU.Build.0 = Release|Any CPU
		{E4236920-162C-4574-88AC-6BB1916ACA67}.Debug|Any CPU.ActiveCfg = Debug|Any CPU
		{E4236920-162C-4574-88AC-6BB1916ACA67}.Debug|Any CPU.Build.0 = Debug|Any CPU
		{E4236920-162C-4574-88AC-6BB1916ACA67}.Release|Any CPU.ActiveCfg = Release|Any CPU
		{E4236920-162C-4574-88AC-6BB1916ACA67}.Release|Any CPU.Build.0 = Release|Any CPU
		{B4CBE735-6391-4FA8-826E-45B245040997}.Debug|Any CPU.ActiveCfg = Debug|Any CPU
		{B4CBE735-6391-4FA8-826E-45B245040997}.Debug|Any CPU.Build.0 = Debug|Any CPU
		{B4CBE735-6391-4FA8-826E-45B245040997}.Release|Any CPU.ActiveCfg = Release|Any CPU
		{B4CBE735-6391-4FA8-826E-45B245040997}.Release|Any CPU.Build.0 = Release|Any CPU
		{66D909FD-6C00-4636-9267-CE72801DB346}.Debug|Any CPU.ActiveCfg = Debug|Any CPU
		{66D909FD-6C00-4636-9267-CE72801DB346}.Debug|Any CPU.Build.0 = Debug|Any CPU
		{66D909FD-6C00-4636-9267-CE72801DB346}.Release|Any CPU.ActiveCfg = Release|Any CPU
		{66D909FD-6C00-4636-9267-CE72801DB346}.Release|Any CPU.Build.0 = Release|Any CPU
		{CABC7612-43D4-418E-A1A3-6D8CA5733E03}.Debug|Any CPU.ActiveCfg = Debug|Any CPU
		{CABC7612-43D4-418E-A1A3-6D8CA5733E03}.Debug|Any CPU.Build.0 = Debug|Any CPU
		{CABC7612-43D4-418E-A1A3-6D8CA5733E03}.Release|Any CPU.ActiveCfg = Release|Any CPU
		{CABC7612-43D4-418E-A1A3-6D8CA5733E03}.Release|Any CPU.Build.0 = Release|Any CPU
		{1B917335-5DAC-42E0-95E5-3F0653D7A730}.Debug|Any CPU.ActiveCfg = Debug|Any CPU
		{1B917335-5DAC-42E0-95E5-3F0653D7A730}.Debug|Any CPU.Build.0 = Debug|Any CPU
		{1B917335-5DAC-42E0-95E5-3F0653D7A730}.Release|Any CPU.ActiveCfg = Release|Any CPU
		{1B917335-5DAC-42E0-95E5-3F0653D7A730}.Release|Any CPU.Build.0 = Release|Any CPU
	EndGlobalSection
	GlobalSection(SolutionProperties) = preSolution
		HideSolutionNode = FALSE
	EndGlobalSection
	GlobalSection(NestedProjects) = preSolution
		{4ACBE63A-423D-4EC3-8519-E5C5B83FC680} = {02EA681E-C7D8-13C7-8484-4AC65E1B71E8}
		{B3BC2F9D-EAAB-4A73-90BF-5470E430F8E0} = {02EA681E-C7D8-13C7-8484-4AC65E1B71E8}
		{A741EBB6-0648-4881-AAFC-1EC532F09CBE} = {02EA681E-C7D8-13C7-8484-4AC65E1B71E8}
		{FA516FA6-3661-46AE-8A31-82CDCE460253} = {6242E894-ADA3-4CA8-AA12-2324F6479B09}
		{E40FD858-F3CD-4845-BAF6-1594D6A3602F} = {6242E894-ADA3-4CA8-AA12-2324F6479B09}
		{D17A0D24-D43E-4B69-AF4D-0BE94E45BA0D} = {6242E894-ADA3-4CA8-AA12-2324F6479B09}
		{EF5BC7A8-8245-43D7-A34D-394219144704} = {950148F2-1975-4F86-A6CC-42488ABA75C7}
		{1647DEBA-9F48-4895-8B95-4AEEDF3820D1} = {950148F2-1975-4F86-A6CC-42488ABA75C7}
		{11F9388A-0FA3-4EAA-B9BC-96F6ACB67D83} = {950148F2-1975-4F86-A6CC-42488ABA75C7}
		{1F0CEBFB-E898-4A34-9929-61888897F75B} = {8F61D484-7532-469B-8FCA-33CF149E69A7}
		{2F54F368-6C8C-4C37-9BB2-0289EB0F9864} = {8F61D484-7532-469B-8FCA-33CF149E69A7}
		{1DB652BD-8057-4136-BC56-D962CA12D019} = {8F61D484-7532-469B-8FCA-33CF149E69A7}
		{A65CB653-6533-473C-8521-6C2A28C8D7ED} = {F557660D-1338-47B7-8C12-845A401A657C}
		{5FC8F6BB-E551-4CFA-8068-04A4025B9D47} = {F557660D-1338-47B7-8C12-845A401A657C}
		{FACCA74A-EC2C-4671-8FFE-2924DCD202C3} = {F557660D-1338-47B7-8C12-845A401A657C}
		{97B184C3-31F3-4A20-9E10-684D2A06BD59} = {97726D99-B42F-429D-B506-0498CEA72994}
		{8310661B-AADE-4D72-AF91-BAA1558D514F} = {97726D99-B42F-429D-B506-0498CEA72994}
		{742B0728-D3E8-4B89-A02A-4FEED63CD6B0} = {97726D99-B42F-429D-B506-0498CEA72994}
		{221706F1-C690-4D8B-9AD1-D3D7EB863E65} = {E19DCE9E-3829-4899-BE55-D8B5A276265D}
		{E4236920-162C-4574-88AC-6BB1916ACA67} = {E19DCE9E-3829-4899-BE55-D8B5A276265D}
		{B4CBE735-6391-4FA8-826E-45B245040997} = {E19DCE9E-3829-4899-BE55-D8B5A276265D}
		{66D909FD-6C00-4636-9267-CE72801DB346} = {F25C230A-4503-4E05-9A5E-5A5C352E0771}
		{CABC7612-43D4-418E-A1A3-6D8CA5733E03} = {F25C230A-4503-4E05-9A5E-5A5C352E0771}
		{1B917335-5DAC-42E0-95E5-3F0653D7A730} = {F25C230A-4503-4E05-9A5E-5A5C352E0771}
	EndGlobalSection
	GlobalSection(ExtensibilityGlobals) = postSolution
		SolutionGuid = {EBEE511C-B625-4E8A-96A5-6E702E7D505C}
	EndGlobalSection
EndGlobal
